
Microsoft Visual Studio Solution File, Format Version 12.00
# Visual Studio Version 17
VisualStudioVersion = 17.2.32630.192
MinimumVisualStudioVersion = 10.0.40219.1
Project("{FAE04EC0-301F-11D3-BF4B-00C04F79EFBC}") = "AngryChat", "AngryChat\AngryChat.csproj", "{E3624BB7-D98D-4DD9-9D37-0AC89265DF6A}"
EndProject
Global
	GlobalSection(SolutionConfigurationPlatforms) = preSolution
		Debug|Any CPU = Debug|Any CPU
		Release|Any CPU = Release|Any CPU
	EndGlobalSection
	GlobalSection(ProjectConfigurationPlatforms) = postSolution
		{E3624BB7-D98D-4DD9-9D37-0AC89265DF6A}.Debug|Any CPU.ActiveCfg = Debug|Any CPU
		{E3624BB7-D98D-4DD9-9D37-0AC89265DF6A}.Debug|Any CPU.Build.0 = Debug|Any CPU
		{E3624BB7-D98D-4DD9-9D37-0AC89265DF6A}.Release|Any CPU.ActiveCfg = Release|Any CPU
		{E3624BB7-D98D-4DD9-9D37-0AC89265DF6A}.Release|Any CPU.Build.0 = Release|Any CPU
	EndGlobalSection
	GlobalSection(SolutionProperties) = preSolution
		HideSolutionNode = FALSE
	EndGlobalSection
	GlobalSection(ExtensibilityGlobals) = postSolution
		SolutionGuid = {018FA2A2-DADA-44D3-9F4D-9F57F237264A}
	EndGlobalSection
EndGlobal
